{
  "object": {
    "pins": [
      {
        "package": "WatsonDeveloperCloud",
        "repositoryURL": "https://github.com/watson-developer-cloud/swift-sdk.git",
        "state": {
          "branch": null,
          "revision": "c48d2f06d114e97cf3b9723f6b87ba26932bba8b",
          "version": "3.3.0"
        }
      },
      {
        "package": "IBMSwiftSDKCore",
        "repositoryURL": "https://github.com/IBM/swift-sdk-core",
        "state": {
          "branch": null,
          "revision": "34cc067ed2aa275bd09f9829f1966903d00c072a",
          "version": "1.1.0"
        }
      },
      {
        "package": "SwiftSoup",
        "repositoryURL": "https://github.com/scinfu/SwiftSoup.git",
        "state": {
          "branch": null,
          "revision": "21e2a405e19298ad477fc007094db91b6cac08c3",
          "version": "2.3.1"
        }
      },
      {
        "package": "URLImage",
        "repositoryURL": "https://github.com/dmytro-anokhin/url-image.git",
        "state": {
          "branch": null,
          "revision": "a48feef3ef91f573a5f55779502e07adb19943b8",
          "version": "0.9.15"
        }
      }
    ]
  },
  "version": 1
}
