// !$*UTF8*$!
{
	archiveVersion = 1;
	classes = {
	};
	objectVersion = 52;
	objects = {

/* Begin PBXBuildFile section */
		96099BE12450DC0A00992EDD /* AppDelegate.swift in Sources */ = {isa = PBXBuildFile; fileRef = 96099BE02450DC0A00992EDD /* AppDelegate.swift */; };
		96099BE32450DC0A00992EDD /* SceneDelegate.swift in Sources */ = {isa = PBXBuildFile; fileRef = 96099BE22450DC0A00992EDD /* SceneDelegate.swift */; };
		96099BE52450DC0A00992EDD /* ContentView.swift in Sources */ = {isa = PBXBuildFile; fileRef = 96099BE42450DC0A00992EDD /* ContentView.swift */; };
		96099BE72450DC0B00992EDD /* Assets.xcassets in Resources */ = {isa = PBXBuildFile; fileRef = 96099BE62450DC0B00992EDD /* Assets.xcassets */; };
		96099BEA2450DC0B00992EDD /* Preview Assets.xcassets in Resources */ = {isa = PBXBuildFile; fileRef = 96099BE92450DC0B00992EDD /* Preview Assets.xcassets */; };
		96099BED2450DC0B00992EDD /* LaunchScreen.storyboard in Resources */ = {isa = PBXBuildFile; fileRef = 96099BEB2450DC0B00992EDD /* LaunchScreen.storyboard */; };
		96099BF52450DC1D00992EDD /* ChefAssistant.swift in Sources */ = {isa = PBXBuildFile; fileRef = 96099BF42450DC1D00992EDD /* ChefAssistant.swift */; };
		96099BF82450DD2C00992EDD /* AssistantV2 in Frameworks */ = {isa = PBXBuildFile; productRef = 96099BF72450DD2C00992EDD /* AssistantV2 */; };
/* End PBXBuildFile section */

/* Begin PBXFileReference section */
		96099BDD2450DC0A00992EDD /* ChefAssistant.app */ = {isa = PBXFileReference; explicitFileType = wrapper.application; includeInIndex = 0; path = ChefAssistant.app; sourceTree = BUILT_PRODUCTS_DIR; };
		96099BE02450DC0A00992EDD /* AppDelegate.swift */ = {isa = PBXFileReference; lastKnownFileType = sourcecode.swift; path = AppDelegate.swift; sourceTree = "<group>"; };
		96099BE22450DC0A00992EDD /* SceneDelegate.swift */ = {isa = PBXFileReference; lastKnownFileType = sourcecode.swift; path = SceneDelegate.swift; sourceTree = "<group>"; };
		96099BE42450DC0A00992EDD /* ContentView.swift */ = {isa = PBXFileReference; lastKnownFileType = sourcecode.swift; path = ContentView.swift; sourceTree = "<group>"; };
		96099BE62450DC0B00992EDD /* Assets.xcassets */ = {isa = PBXFileReference; lastKnownFileType = folder.assetcatalog; path = Assets.xcassets; sourceTree = "<group>"; };
		96099BE92450DC0B00992EDD /* Preview Assets.xcassets */ = {isa = PBXFileReference; lastKnownFileType = folder.assetcatalog; path = "Preview Assets.xcassets"; sourceTree = "<group>"; };
		96099BEC2450DC0B00992EDD /* Base */ = {isa = PBXFileReference; lastKnownFileType = file.storyboard; name = Base; path = Base.lproj/LaunchScreen.storyboard; sourceTree = "<group>"; };
		96099BEE2450DC0B00992EDD /* Info.plist */ = {isa = PBXFileReference; lastKnownFileType = text.plist.xml; path = Info.plist; sourceTree = "<group>"; };
		96099BF42450DC1D00992EDD /* ChefAssistant.swift */ = {isa = PBXFileReference; lastKnownFileType = sourcecode.swift; path = ChefAssistant.swift; sourceTree = "<group>"; };
/* End PBXFileReference section */

/* Begin PBXFrameworksBuildPhase section */
		96099BDA2450DC0A00992EDD /* Frameworks */ = {
			isa = PBXFrameworksBuildPhase;
			buildActionMask = 2147483647;
			files = (
				96099BF82450DD2C00992EDD /* AssistantV2 in Frameworks */,
			);
			runOnlyForDeploymentPostprocessing = 0;
		};
/* End PBXFrameworksBuildPhase section */

/* Begin PBXGroup section */
		96099BD42450DC0A00992EDD = {
			isa = PBXGroup;
			children = (
				96099BDF2450DC0A00992EDD /* ChefAssistant */,
				96099BDE2450DC0A00992EDD /* Products */,
			);
			sourceTree = "<group>";
		};
		96099BDE2450DC0A00992EDD /* Products */ = {
			isa = PBXGroup;
			children = (
				96099BDD2450DC0A00992EDD /* ChefAssistant.app */,
			);
			name = Products;
			sourceTree = "<group>";
		};
		96099BDF2450DC0A00992EDD /* ChefAssistant */ = {
			isa = PBXGroup;
			children = (
				96099BF42450DC1D00992EDD /* ChefAssistant.swift */,
				96099BE02450DC0A00992EDD /* AppDelegate.swift */,
				96099BE22450DC0A00992EDD /* SceneDelegate.swift */,
				96099BE42450DC0A00992EDD /* ContentView.swift */,
				96099BE62450DC0B00992EDD /* Assets.xcassets */,
				96099BEB2450DC0B00992EDD /* LaunchScreen.storyboard */,
				96099BEE2450DC0B00992EDD /* Info.plist */,
				96099BE82450DC0B00992EDD /* Preview Content */,
			);
			path = ChefAssistant;
			sourceTree = "<group>";
		};
		96099BE82450DC0B00992EDD /* Preview Content */ = {
			isa = PBXGroup;
			children = (
				96099BE92450DC0B00992EDD /* Preview Assets.xcassets */,
			);
			path = "Preview Content";
			sourceTree = "<group>";
		};
/* End PBXGroup section */

/* Begin PBXNativeTarget section */
		96099BDC2450DC0A00992EDD /* ChefAssistant */ = {
			isa = PBXNativeTarget;
			buildConfigurationList = 96099BF12450DC0B00992EDD /* Build configuration list for PBXNativeTarget "ChefAssistant" */;
			buildPhases = (
				96099BD92450DC0A00992EDD /* Sources */,
				96099BDA2450DC0A00992EDD /* Frameworks */,
				96099BDB2450DC0A00992EDD /* Resources */,
			);
			buildRules = (
			);
			dependencies = (
			);
			name = ChefAssistant;
			packageProductDependencies = (
				96099BF72450DD2C00992EDD /* AssistantV2 */,
			);
			productName = ChefAssistant;
			productReference = 96099BDD2450DC0A00992EDD /* ChefAssistant.app */;
			productType = "com.apple.product-type.application";
		};
/* End PBXNativeTarget section */

/* Begin PBXProject section */
		96099BD52450DC0A00992EDD /* Project object */ = {
			isa = PBXProject;
			attributes = {
				LastSwiftUpdateCheck = 1140;
				LastUpgradeCheck = 1140;
				ORGANIZATIONNAME = ExecutiveChef;
				TargetAttributes = {
					96099BDC2450DC0A00992EDD = {
						CreatedOnToolsVersion = 11.4;
					};
				};
			};
			buildConfigurationList = 96099BD82450DC0A00992EDD /* Build configuration list for PBXProject "ChefAssistant" */;
			compatibilityVersion = "Xcode 9.3";
			developmentRegion = en;
			hasScannedForEncodings = 0;
			knownRegions = (
				en,
				Base,
			);
			mainGroup = 96099BD42450DC0A00992EDD;
			packageReferences = (
				96099BF62450DD2C00992EDD /* XCRemoteSwiftPackageReference "swift-sdk" */,
			);
			productRefGroup = 96099BDE2450DC0A00992EDD /* Products */;
			projectDirPath = "";
			projectRoot = "";
			targets = (
				96099BDC2450DC0A00992EDD /* ChefAssistant */,
			);
		};
/* End PBXProject section */

/* Begin PBXResourcesBuildPhase section */
		96099BDB2450DC0A00992EDD /* Resources */ = {
			isa = PBXResourcesBuildPhase;
			buildActionMask = 2147483647;
			files = (
				96099BED2450DC0B00992EDD /* LaunchScreen.storyboard in Resources */,
				96099BEA2450DC0B00992EDD /* Preview Assets.xcassets in Resources */,
				96099BE72450DC0B00992EDD /* Assets.xcassets in Resources */,
			);
			runOnlyForDeploymentPostprocessing = 0;
		};
/* End PBXResourcesBuildPhase section */

/* Begin PBXSourcesBuildPhase section */
		96099BD92450DC0A00992EDD /* Sources */ = {
			isa = PBXSourcesBuildPhase;
			buildActionMask = 2147483647;
			files = (
				96099BE12450DC0A00992EDD /* AppDelegate.swift in Sources */,
				96099BE32450DC0A00992EDD /* SceneDelegate.swift in Sources */,
				96099BF52450DC1D00992EDD /* ChefAssistant.swift in Sources */,
				96099BE52450DC0A00992EDD /* ContentView.swift in Sources */,
			);
			runOnlyForDeploymentPostprocessing = 0;
		};
/* End PBXSourcesBuildPhase section */

/* Begin PBXVariantGroup section */
		96099BEB2450DC0B00992EDD /* LaunchScreen.storyboard */ = {
			isa = PBXVariantGroup;
			children = (
				96099BEC2450DC0B00992EDD /* Base */,
			);
			name = LaunchScreen.storyboard;
			sourceTree = "<group>";
		};
/* End PBXVariantGroup section */

/* Begin XCBuildConfiguration section */
		96099BEF2450DC0B00992EDD /* Debug */ = {
			isa = XCBuildConfiguration;
			buildSettings = {
				ALWAYS_SEARCH_USER_PATHS = NO;
				CLANG_ANALYZER_NONNULL = YES;
				CLANG_ANALYZER_NUMBER_OBJECT_CONVERSION = YES_AGGRESSIVE;
				CLANG_CXX_LANGUAGE_STANDARD = "gnu++14";
				CLANG_CXX_LIBRARY = "libc++";
				CLANG_ENABLE_MODULES = YES;
				CLANG_ENABLE_OBJC_ARC = YES;
				CLANG_ENABLE_OBJC_WEAK = YES;
				CLANG_WARN_BLOCK_CAPTURE_AUTORELEASING = YES;
				CLANG_WARN_BOOL_CONVERSION = YES;
				CLANG_WARN_COMMA = YES;
				CLANG_WARN_CONSTANT_CONVERSION = YES;
				CLANG_WARN_DEPRECATED_OBJC_IMPLEMENTATIONS = YES;
				CLANG_WARN_DIRECT_OBJC_ISA_USAGE = YES_ERROR;
				CLANG_WARN_DOCUMENTATION_COMMENTS = YES;
				CLANG_WARN_EMPTY_BODY = YES;
				CLANG_WARN_ENUM_CONVERSION = YES;
				CLANG_WARN_INFINITE_RECURSION = YES;
				CLANG_WARN_INT_CONVERSION = YES;
				CLANG_WARN_NON_LITERAL_NULL_CONVERSION = YES;
				CLANG_WARN_OBJC_IMPLICIT_RETAIN_SELF = YES;
				CLANG_WARN_OBJC_LITERAL_CONVERSION = YES;
				CLANG_WARN_OBJC_ROOT_CLASS = YES_ERROR;
				CLANG_WARN_RANGE_LOOP_ANALYSIS = YES;
				CLANG_WARN_STRICT_PROTOTYPES = YES;
				CLANG_WARN_SUSPICIOUS_MOVE = YES;
				CLANG_WARN_UNGUARDED_AVAILABILITY = YES_AGGRESSIVE;
				CLANG_WARN_UNREACHABLE_CODE = YES;
				CLANG_WARN__DUPLICATE_METHOD_MATCH = YES;
				COPY_PHASE_STRIP = NO;
				DEBUG_INFORMATION_FORMAT = dwarf;
				ENABLE_STRICT_OBJC_MSGSEND = YES;
				ENABLE_TESTABILITY = YES;
				GCC_C_LANGUAGE_STANDARD = gnu11;
				GCC_DYNAMIC_NO_PIC = NO;
				GCC_NO_COMMON_BLOCKS = YES;
				GCC_OPTIMIZATION_LEVEL = 0;
				GCC_PREPROCESSOR_DEFINITIONS = (
					"DEBUG=1",
					"$(inherited)",
				);
				GCC_WARN_64_TO_32_BIT_CONVERSION = YES;
				GCC_WARN_ABOUT_RETURN_TYPE = YES_ERROR;
				GCC_WARN_UNDECLARED_SELECTOR = YES;
				GCC_WARN_UNINITIALIZED_AUTOS = YES_AGGRESSIVE;
				GCC_WARN_UNUSED_FUNCTION = YES;
				GCC_WARN_UNUSED_VARIABLE = YES;
				IPHONEOS_DEPLOYMENT_TARGET = 13.4;
				MTL_ENABLE_DEBUG_INFO = INCLUDE_SOURCE;
				MTL_FAST_MATH = YES;
				ONLY_ACTIVE_ARCH = YES;
				SDKROOT = iphoneos;
				SWIFT_ACTIVE_COMPILATION_CONDITIONS = DEBUG;
				SWIFT_OPTIMIZATION_LEVEL = "-Onone";
			};
			name = Debug;
		};
		96099BF02450DC0B00992EDD /* Release */ = {
			isa = XCBuildConfiguration;
			buildSettings = {
				ALWAYS_SEARCH_USER_PATHS = NO;
				CLANG_ANALYZER_NONNULL = YES;
				CLANG_ANALYZER_NUMBER_OBJECT_CONVERSION = YES_AGGRESSIVE;
				CLANG_CXX_LANGUAGE_STANDARD = "gnu++14";
				CLANG_CXX_LIBRARY = "libc++";
				CLANG_ENABLE_MODULES = YES;
				CLANG_ENABLE_OBJC_ARC = YES;
				CLANG_ENABLE_OBJC_WEAK = YES;
				CLANG_WARN_BLOCK_CAPTURE_AUTORELEASING = YES;
				CLANG_WARN_BOOL_CONVERSION = YES;
				CLANG_WARN_COMMA = YES;
				CLANG_WARN_CONSTANT_CONVERSION = YES;
				CLANG_WARN_DEPRECATED_OBJC_IMPLEMENTATIONS = YES;
				CLANG_WARN_DIRECT_OBJC_ISA_USAGE = YES_ERROR;
				CLANG_WARN_DOCUMENTATION_COMMENTS = YES;
				CLANG_WARN_EMPTY_BODY = YES;
				CLANG_WARN_ENUM_CONVERSION = YES;
				CLANG_WARN_INFINITE_RECURSION = YES;
				CLANG_WARN_INT_CONVERSION = YES;
				CLANG_WARN_NON_LITERAL_NULL_CONVERSION = YES;
				CLANG_WARN_OBJC_IMPLICIT_RETAIN_SELF = YES;
				CLANG_WARN_OBJC_LITERAL_CONVERSION = YES;
				CLANG_WARN_OBJC_ROOT_CLASS = YES_ERROR;
				CLANG_WARN_RANGE_LOOP_ANALYSIS = YES;
				CLANG_WARN_STRICT_PROTOTYPES = YES;
				CLANG_WARN_SUSPICIOUS_MOVE = YES;
				CLANG_WARN_UNGUARDED_AVAILABILITY = YES_AGGRESSIVE;
				CLANG_WARN_UNREACHABLE_CODE = YES;
				CLANG_WARN__DUPLICATE_METHOD_MATCH = YES;
				COPY_PHASE_STRIP = NO;
				DEBUG_INFORMATION_FORMAT = "dwarf-with-dsym";
				ENABLE_NS_ASSERTIONS = NO;
				ENABLE_STRICT_OBJC_MSGSEND = YES;
				GCC_C_LANGUAGE_STANDARD = gnu11;
				GCC_NO_COMMON_BLOCKS = YES;
				GCC_WARN_64_TO_32_BIT_CONVERSION = YES;
				GCC_WARN_ABOUT_RETURN_TYPE = YES_ERROR;
				GCC_WARN_UNDECLARED_SELECTOR = YES;
				GCC_WARN_UNINITIALIZED_AUTOS = YES_AGGRESSIVE;
				GCC_WARN_UNUSED_FUNCTION = YES;
				GCC_WARN_UNUSED_VARIABLE = YES;
				IPHONEOS_DEPLOYMENT_TARGET = 13.4;
				MTL_ENABLE_DEBUG_INFO = NO;
				MTL_FAST_MATH = YES;
				SDKROOT = iphoneos;
				SWIFT_COMPILATION_MODE = wholemodule;
				SWIFT_OPTIMIZATION_LEVEL = "-O";
				VALIDATE_PRODUCT = YES;
			};
			name = Release;
		};
		96099BF22450DC0B00992EDD /* Debug */ = {
			isa = XCBuildConfiguration;
			buildSettings = {
				ASSETCATALOG_COMPILER_APPICON_NAME = AppIcon;
				CODE_SIGN_STYLE = Automatic;
				DEVELOPMENT_ASSET_PATHS = "\"ChefAssistant/Preview Content\"";
				DEVELOPMENT_TEAM = 6393CCY8T4;
				ENABLE_PREVIEWS = YES;
				INFOPLIST_FILE = ChefAssistant/Info.plist;
				LD_RUNPATH_SEARCH_PATHS = (
					"$(inherited)",
					"@executable_path/Frameworks",
				);
				PRODUCT_BUNDLE_IDENTIFIER = com.ExecutiveChef.Jason.ChefAssistant;
				PRODUCT_NAME = "$(TARGET_NAME)";
				SWIFT_VERSION = 5.0;
				TARGETED_DEVICE_FAMILY = "1,2";
			};
			name = Debug;
		};
		96099BF32450DC0B00992EDD /* Release */ = {
			isa = XCBuildConfiguration;
			buildSettings = {
				ASSETCATALOG_COMPILER_APPICON_NAME = AppIcon;
				CODE_SIGN_STYLE = Automatic;
				DEVELOPMENT_ASSET_PATHS = "\"ChefAssistant/Preview Content\"";
				DEVELOPMENT_TEAM = 6393CCY8T4;
				ENABLE_PREVIEWS = YES;
				INFOPLIST_FILE = ChefAssistant/Info.plist;
				LD_RUNPATH_SEARCH_PATHS = (
					"$(inherited)",
					"@executable_path/Frameworks",
				);
				PRODUCT_BUNDLE_IDENTIFIER = com.ExecutiveChef.Jason.ChefAssistant;
				PRODUCT_NAME = "$(TARGET_NAME)";
				SWIFT_VERSION = 5.0;
				TARGETED_DEVICE_FAMILY = "1,2";
			};
			name = Release;
		};
/* End XCBuildConfiguration section */

/* Begin XCConfigurationList section */
		96099BD82450DC0A00992EDD /* Build configuration list for PBXProject "ChefAssistant" */ = {
			isa = XCConfigurationList;
			buildConfigurations = (
				96099BEF2450DC0B00992EDD /* Debug */,
				96099BF02450DC0B00992EDD /* Release */,
			);
			defaultConfigurationIsVisible = 0;
			defaultConfigurationName = Release;
		};
		96099BF12450DC0B00992EDD /* Build configuration list for PBXNativeTarget "ChefAssistant" */ = {
			isa = XCConfigurationList;
			buildConfigurations = (
				96099BF22450DC0B00992EDD /* Debug */,
				96099BF32450DC0B00992EDD /* Release */,
			);
			defaultConfigurationIsVisible = 0;
			defaultConfigurationName = Release;
		};
/* End XCConfigurationList section */

/* Begin XCRemoteSwiftPackageReference section */
		96099BF62450DD2C00992EDD /* XCRemoteSwiftPackageReference "swift-sdk" */ = {
			isa = XCRemoteSwiftPackageReference;
			repositoryURL = "https://github.com/watson-developer-cloud/swift-sdk.git";
			requirement = {
				kind = upToNextMajorVersion;
				minimumVersion = 3.3.0;
			};
		};
/* End XCRemoteSwiftPackageReference section */

/* Begin XCSwiftPackageProductDependency section */
		96099BF72450DD2C00992EDD /* AssistantV2 */ = {
			isa = XCSwiftPackageProductDependency;
			package = 96099BF62450DD2C00992EDD /* XCRemoteSwiftPackageReference "swift-sdk" */;
			productName = AssistantV2;
		};
/* End XCSwiftPackageProductDependency section */
	};
	rootObject = 96099BD52450DC0A00992EDD /* Project object */;
}
