// !$*UTF8*$!
{
	archiveVersion = 1;
	classes = {
	};
	objectVersion = 50;
	objects = {

/* Begin PBXBuildFile section */
		96682CC024523B93002BEE76 /* AppDelegate.swift in Sources */ = {isa = PBXBuildFile; fileRef = 96682CBF24523B93002BEE76 /* AppDelegate.swift */; };
		96682CC224523B93002BEE76 /* SceneDelegate.swift in Sources */ = {isa = PBXBuildFile; fileRef = 96682CC124523B93002BEE76 /* SceneDelegate.swift */; };
		96682CC424523B93002BEE76 /* ContentView.swift in Sources */ = {isa = PBXBuildFile; fileRef = 96682CC324523B93002BEE76 /* ContentView.swift */; };
		96682CC624523B94002BEE76 /* Assets.xcassets in Resources */ = {isa = PBXBuildFile; fileRef = 96682CC524523B94002BEE76 /* Assets.xcassets */; };
		96682CC924523B94002BEE76 /* Preview Assets.xcassets in Resources */ = {isa = PBXBuildFile; fileRef = 96682CC824523B94002BEE76 /* Preview Assets.xcassets */; };
		96682CCC24523B94002BEE76 /* LaunchScreen.storyboard in Resources */ = {isa = PBXBuildFile; fileRef = 96682CCA24523B94002BEE76 /* LaunchScreen.storyboard */; };
		966CD3CB245241C100857A65 /* NotificationCenter.swift in Sources */ = {isa = PBXBuildFile; fileRef = 966CD3CA245241C100857A65 /* NotificationCenter.swift */; };
/* End PBXBuildFile section */

/* Begin PBXFileReference section */
		96682CBC24523B93002BEE76 /* NotificationSender.app */ = {isa = PBXFileReference; explicitFileType = wrapper.application; includeInIndex = 0; path = NotificationSender.app; sourceTree = BUILT_PRODUCTS_DIR; };
		96682CBF24523B93002BEE76 /* AppDelegate.swift */ = {isa = PBXFileReference; lastKnownFileType = sourcecode.swift; path = AppDelegate.swift; sourceTree = "<group>"; };
		96682CC124523B93002BEE76 /* SceneDelegate.swift */ = {isa = PBXFileReference; lastKnownFileType = sourcecode.swift; path = SceneDelegate.swift; sourceTree = "<group>"; };
		96682CC324523B93002BEE76 /* ContentView.swift */ = {isa = PBXFileReference; lastKnownFileType = sourcecode.swift; path = ContentView.swift; sourceTree = "<group>"; };
		96682CC524523B94002BEE76 /* Assets.xcassets */ = {isa = PBXFileReference; lastKnownFileType = folder.assetcatalog; path = Assets.xcassets; sourceTree = "<group>"; };
		96682CC824523B94002BEE76 /* Preview Assets.xcassets */ = {isa = PBXFileReference; lastKnownFileType = folder.assetcatalog; path = "Preview Assets.xcassets"; sourceTree = "<group>"; };
		96682CCB24523B94002BEE76 /* Base */ = {isa = PBXFileReference; lastKnownFileType = file.storyboard; name = Base; path = Base.lproj/LaunchScreen.storyboard; sourceTree = "<group>"; };
		96682CCD24523B94002BEE76 /* Info.plist */ = {isa = PBXFileReference; lastKnownFileType = text.plist.xml; path = Info.plist; sourceTree = "<group>"; };
		966CD3CA245241C100857A65 /* NotificationCenter.swift */ = {isa = PBXFileReference; lastKnownFileType = sourcecode.swift; path = NotificationCenter.swift; sourceTree = "<group>"; };
/* End PBXFileReference section */

/* Begin PBXFrameworksBuildPhase section */
		96682CB924523B93002BEE76 /* Frameworks */ = {
			isa = PBXFrameworksBuildPhase;
			buildActionMask = 2147483647;
			files = (
			);
			runOnlyForDeploymentPostprocessing = 0;
		};
/* End PBXFrameworksBuildPhase section */

/* Begin PBXGroup section */
		96682CB324523B93002BEE76 = {
			isa = PBXGroup;
			children = (
				96682CBE24523B93002BEE76 /* NotificationSender */,
				96682CBD24523B93002BEE76 /* Products */,
			);
			sourceTree = "<group>";
		};
		96682CBD24523B93002BEE76 /* Products */ = {
			isa = PBXGroup;
			children = (
				96682CBC24523B93002BEE76 /* NotificationSender.app */,
			);
			name = Products;
			sourceTree = "<group>";
		};
		96682CBE24523B93002BEE76 /* NotificationSender */ = {
			isa = PBXGroup;
			children = (
				96682CBF24523B93002BEE76 /* AppDelegate.swift */,
				96682CC124523B93002BEE76 /* SceneDelegate.swift */,
				96682CC324523B93002BEE76 /* ContentView.swift */,
				96682CC524523B94002BEE76 /* Assets.xcassets */,
				96682CCA24523B94002BEE76 /* LaunchScreen.storyboard */,
				96682CCD24523B94002BEE76 /* Info.plist */,
				96682CC724523B94002BEE76 /* Preview Content */,
				966CD3CA245241C100857A65 /* NotificationCenter.swift */,
			);
			path = NotificationSender;
			sourceTree = "<group>";
		};
		96682CC724523B94002BEE76 /* Preview Content */ = {
			isa = PBXGroup;
			children = (
				96682CC824523B94002BEE76 /* Preview Assets.xcassets */,
			);
			path = "Preview Content";
			sourceTree = "<group>";
		};
/* End PBXGroup section */

/* Begin PBXNativeTarget section */
		96682CBB24523B93002BEE76 /* NotificationSender */ = {
			isa = PBXNativeTarget;
			buildConfigurationList = 96682CD024523B94002BEE76 /* Build configuration list for PBXNativeTarget "NotificationSender" */;
			buildPhases = (
				96682CB824523B93002BEE76 /* Sources */,
				96682CB924523B93002BEE76 /* Frameworks */,
				96682CBA24523B93002BEE76 /* Resources */,
			);
			buildRules = (
			);
			dependencies = (
			);
			name = NotificationSender;
			productName = NotificationSender;
			productReference = 96682CBC24523B93002BEE76 /* NotificationSender.app */;
			productType = "com.apple.product-type.application";
		};
/* End PBXNativeTarget section */

/* Begin PBXProject section */
		96682CB424523B93002BEE76 /* Project object */ = {
			isa = PBXProject;
			attributes = {
				LastSwiftUpdateCheck = 1140;
				LastUpgradeCheck = 1140;
				ORGANIZATIONNAME = ExecutiveChef;
				TargetAttributes = {
					96682CBB24523B93002BEE76 = {
						CreatedOnToolsVersion = 11.4;
					};
				};
			};
			buildConfigurationList = 96682CB724523B93002BEE76 /* Build configuration list for PBXProject "NotificationSender" */;
			compatibilityVersion = "Xcode 9.3";
			developmentRegion = en;
			hasScannedForEncodings = 0;
			knownRegions = (
				en,
				Base,
			);
			mainGroup = 96682CB324523B93002BEE76;
			productRefGroup = 96682CBD24523B93002BEE76 /* Products */;
			projectDirPath = "";
			projectRoot = "";
			targets = (
				96682CBB24523B93002BEE76 /* NotificationSender */,
			);
		};
/* End PBXProject section */

/* Begin PBXResourcesBuildPhase section */
		96682CBA24523B93002BEE76 /* Resources */ = {
			isa = PBXResourcesBuildPhase;
			buildActionMask = 2147483647;
			files = (
				96682CCC24523B94002BEE76 /* LaunchScreen.storyboard in Resources */,
				96682CC924523B94002BEE76 /* Preview Assets.xcassets in Resources */,
				96682CC624523B94002BEE76 /* Assets.xcassets in Resources */,
			);
			runOnlyForDeploymentPostprocessing = 0;
		};
/* End PBXResourcesBuildPhase section */

/* Begin PBXSourcesBuildPhase section */
		96682CB824523B93002BEE76 /* Sources */ = {
			isa = PBXSourcesBuildPhase;
			buildActionMask = 2147483647;
			files = (
				96682CC024523B93002BEE76 /* AppDelegate.swift in Sources */,
				96682CC224523B93002BEE76 /* SceneDelegate.swift in Sources */,
				96682CC424523B93002BEE76 /* ContentView.swift in Sources */,
				966CD3CB245241C100857A65 /* NotificationCenter.swift in Sources */,
			);
			runOnlyForDeploymentPostprocessing = 0;
		};
/* End PBXSourcesBuildPhase section */

/* Begin PBXVariantGroup section */
		96682CCA24523B94002BEE76 /* LaunchScreen.storyboard */ = {
			isa = PBXVariantGroup;
			children = (
				96682CCB24523B94002BEE76 /* Base */,
			);
			name = LaunchScreen.storyboard;
			sourceTree = "<group>";
		};
/* End PBXVariantGroup section */

/* Begin XCBuildConfiguration section */
		96682CCE24523B94002BEE76 /* Debug */ = {
			isa = XCBuildConfiguration;
			buildSettings = {
				ALWAYS_SEARCH_USER_PATHS = NO;
				CLANG_ANALYZER_NONNULL = YES;
				CLANG_ANALYZER_NUMBER_OBJECT_CONVERSION = YES_AGGRESSIVE;
				CLANG_CXX_LANGUAGE_STANDARD = "gnu++14";
				CLANG_CXX_LIBRARY = "libc++";
				CLANG_ENABLE_MODULES = YES;
				CLANG_ENABLE_OBJC_ARC = YES;
				CLANG_ENABLE_OBJC_WEAK = YES;
				CLANG_WARN_BLOCK_CAPTURE_AUTORELEASING = YES;
				CLANG_WARN_BOOL_CONVERSION = YES;
				CLANG_WARN_COMMA = YES;
				CLANG_WARN_CONSTANT_CONVERSION = YES;
				CLANG_WARN_DEPRECATED_OBJC_IMPLEMENTATIONS = YES;
				CLANG_WARN_DIRECT_OBJC_ISA_USAGE = YES_ERROR;
				CLANG_WARN_DOCUMENTATION_COMMENTS = YES;
				CLANG_WARN_EMPTY_BODY = YES;
				CLANG_WARN_ENUM_CONVERSION = YES;
				CLANG_WARN_INFINITE_RECURSION = YES;
				CLANG_WARN_INT_CONVERSION = YES;
				CLANG_WARN_NON_LITERAL_NULL_CONVERSION = YES;
				CLANG_WARN_OBJC_IMPLICIT_RETAIN_SELF = YES;
				CLANG_WARN_OBJC_LITERAL_CONVERSION = YES;
				CLANG_WARN_OBJC_ROOT_CLASS = YES_ERROR;
				CLANG_WARN_RANGE_LOOP_ANALYSIS = YES;
				CLANG_WARN_STRICT_PROTOTYPES = YES;
				CLANG_WARN_SUSPICIOUS_MOVE = YES;
				CLANG_WARN_UNGUARDED_AVAILABILITY = YES_AGGRESSIVE;
				CLANG_WARN_UNREACHABLE_CODE = YES;
				CLANG_WARN__DUPLICATE_METHOD_MATCH = YES;
				COPY_PHASE_STRIP = NO;
				DEBUG_INFORMATION_FORMAT = dwarf;
				ENABLE_STRICT_OBJC_MSGSEND = YES;
				ENABLE_TESTABILITY = YES;
				GCC_C_LANGUAGE_STANDARD = gnu11;
				GCC_DYNAMIC_NO_PIC = NO;
				GCC_NO_COMMON_BLOCKS = YES;
				GCC_OPTIMIZATION_LEVEL = 0;
				GCC_PREPROCESSOR_DEFINITIONS = (
					"DEBUG=1",
					"$(inherited)",
				);
				GCC_WARN_64_TO_32_BIT_CONVERSION = YES;
				GCC_WARN_ABOUT_RETURN_TYPE = YES_ERROR;
				GCC_WARN_UNDECLARED_SELECTOR = YES;
				GCC_WARN_UNINITIALIZED_AUTOS = YES_AGGRESSIVE;
				GCC_WARN_UNUSED_FUNCTION = YES;
				GCC_WARN_UNUSED_VARIABLE = YES;
				IPHONEOS_DEPLOYMENT_TARGET = 13.4;
				MTL_ENABLE_DEBUG_INFO = INCLUDE_SOURCE;
				MTL_FAST_MATH = YES;
				ONLY_ACTIVE_ARCH = YES;
				SDKROOT = iphoneos;
				SWIFT_ACTIVE_COMPILATION_CONDITIONS = DEBUG;
				SWIFT_OPTIMIZATION_LEVEL = "-Onone";
			};
			name = Debug;
		};
		96682CCF24523B94002BEE76 /* Release */ = {
			isa = XCBuildConfiguration;
			buildSettings = {
				ALWAYS_SEARCH_USER_PATHS = NO;
				CLANG_ANALYZER_NONNULL = YES;
				CLANG_ANALYZER_NUMBER_OBJECT_CONVERSION = YES_AGGRESSIVE;
				CLANG_CXX_LANGUAGE_STANDARD = "gnu++14";
				CLANG_CXX_LIBRARY = "libc++";
				CLANG_ENABLE_MODULES = YES;
				CLANG_ENABLE_OBJC_ARC = YES;
				CLANG_ENABLE_OBJC_WEAK = YES;
				CLANG_WARN_BLOCK_CAPTURE_AUTORELEASING = YES;
				CLANG_WARN_BOOL_CONVERSION = YES;
				CLANG_WARN_COMMA = YES;
				CLANG_WARN_CONSTANT_CONVERSION = YES;
				CLANG_WARN_DEPRECATED_OBJC_IMPLEMENTATIONS = YES;
				CLANG_WARN_DIRECT_OBJC_ISA_USAGE = YES_ERROR;
				CLANG_WARN_DOCUMENTATION_COMMENTS = YES;
				CLANG_WARN_EMPTY_BODY = YES;
				CLANG_WARN_ENUM_CONVERSION = YES;
				CLANG_WARN_INFINITE_RECURSION = YES;
				CLANG_WARN_INT_CONVERSION = YES;
				CLANG_WARN_NON_LITERAL_NULL_CONVERSION = YES;
				CLANG_WARN_OBJC_IMPLICIT_RETAIN_SELF = YES;
				CLANG_WARN_OBJC_LITERAL_CONVERSION = YES;
				CLANG_WARN_OBJC_ROOT_CLASS = YES_ERROR;
				CLANG_WARN_RANGE_LOOP_ANALYSIS = YES;
				CLANG_WARN_STRICT_PROTOTYPES = YES;
				CLANG_WARN_SUSPICIOUS_MOVE = YES;
				CLANG_WARN_UNGUARDED_AVAILABILITY = YES_AGGRESSIVE;
				CLANG_WARN_UNREACHABLE_CODE = YES;
				CLANG_WARN__DUPLICATE_METHOD_MATCH = YES;
				COPY_PHASE_STRIP = NO;
				DEBUG_INFORMATION_FORMAT = "dwarf-with-dsym";
				ENABLE_NS_ASSERTIONS = NO;
				ENABLE_STRICT_OBJC_MSGSEND = YES;
				GCC_C_LANGUAGE_STANDARD = gnu11;
				GCC_NO_COMMON_BLOCKS = YES;
				GCC_WARN_64_TO_32_BIT_CONVERSION = YES;
				GCC_WARN_ABOUT_RETURN_TYPE = YES_ERROR;
				GCC_WARN_UNDECLARED_SELECTOR = YES;
				GCC_WARN_UNINITIALIZED_AUTOS = YES_AGGRESSIVE;
				GCC_WARN_UNUSED_FUNCTION = YES;
				GCC_WARN_UNUSED_VARIABLE = YES;
				IPHONEOS_DEPLOYMENT_TARGET = 13.4;
				MTL_ENABLE_DEBUG_INFO = NO;
				MTL_FAST_MATH = YES;
				SDKROOT = iphoneos;
				SWIFT_COMPILATION_MODE = wholemodule;
				SWIFT_OPTIMIZATION_LEVEL = "-O";
				VALIDATE_PRODUCT = YES;
			};
			name = Release;
		};
		96682CD124523B94002BEE76 /* Debug */ = {
			isa = XCBuildConfiguration;
			buildSettings = {
				ASSETCATALOG_COMPILER_APPICON_NAME = AppIcon;
				CODE_SIGN_STYLE = Automatic;
				DEVELOPMENT_ASSET_PATHS = "\"NotificationSender/Preview Content\"";
				DEVELOPMENT_TEAM = 6393CCY8T4;
				ENABLE_PREVIEWS = YES;
				INFOPLIST_FILE = NotificationSender/Info.plist;
				LD_RUNPATH_SEARCH_PATHS = (
					"$(inherited)",
					"@executable_path/Frameworks",
				);
				PRODUCT_BUNDLE_IDENTIFIER = com.ExecutiveChef.Jason.NotificationSender;
				PRODUCT_NAME = "$(TARGET_NAME)";
				SWIFT_VERSION = 5.0;
				TARGETED_DEVICE_FAMILY = "1,2";
			};
			name = Debug;
		};
		96682CD224523B94002BEE76 /* Release */ = {
			isa = XCBuildConfiguration;
			buildSettings = {
				ASSETCATALOG_COMPILER_APPICON_NAME = AppIcon;
				CODE_SIGN_STYLE = Automatic;
				DEVELOPMENT_ASSET_PATHS = "\"NotificationSender/Preview Content\"";
				DEVELOPMENT_TEAM = 6393CCY8T4;
				ENABLE_PREVIEWS = YES;
				INFOPLIST_FILE = NotificationSender/Info.plist;
				LD_RUNPATH_SEARCH_PATHS = (
					"$(inherited)",
					"@executable_path/Frameworks",
				);
				PRODUCT_BUNDLE_IDENTIFIER = com.ExecutiveChef.Jason.NotificationSender;
				PRODUCT_NAME = "$(TARGET_NAME)";
				SWIFT_VERSION = 5.0;
				TARGETED_DEVICE_FAMILY = "1,2";
			};
			name = Release;
		};
/* End XCBuildConfiguration section */

/* Begin XCConfigurationList section */
		96682CB724523B93002BEE76 /* Build configuration list for PBXProject "NotificationSender" */ = {
			isa = XCConfigurationList;
			buildConfigurations = (
				96682CCE24523B94002BEE76 /* Debug */,
				96682CCF24523B94002BEE76 /* Release */,
			);
			defaultConfigurationIsVisible = 0;
			defaultConfigurationName = Release;
		};
		96682CD024523B94002BEE76 /* Build configuration list for PBXNativeTarget "NotificationSender" */ = {
			isa = XCConfigurationList;
			buildConfigurations = (
				96682CD124523B94002BEE76 /* Debug */,
				96682CD224523B94002BEE76 /* Release */,
			);
			defaultConfigurationIsVisible = 0;
			defaultConfigurationName = Release;
		};
/* End XCConfigurationList section */
	};
	rootObject = 96682CB424523B93002BEE76 /* Project object */;
}
